
Microsoft Visual Studio Solution File, Format Version 12.00
# Visual Studio Version 17
VisualStudioVersion = 17.11.35312.102
MinimumVisualStudioVersion = 10.0.40219.1
Project("{FAE04EC0-301F-11D3-BF4B-00C04F79EFBC}") = "DigiDhan", "DigiDhan\DigiDhan.csproj", "{9920127F-0833-4942-B5B7-A00FF3E9FEED}"
EndProject
Global
	GlobalSection(SolutionConfigurationPlatforms) = preSolution
		Debug|Any CPU = Debug|Any CPU
		Release|Any CPU = Release|Any CPU
	EndGlobalSection
	GlobalSection(ProjectConfigurationPlatforms) = postSolution
		{9920127F-0833-4942-B5B7-A00FF3E9FEED}.Debug|Any CPU.ActiveCfg = Debug|Any CPU
		{9920127F-0833-4942-B5B7-A00FF3E9FEED}.Debug|Any CPU.Build.0 = Debug|Any CPU
		{9920127F-0833-4942-B5B7-A00FF3E9FEED}.Debug|Any CPU.Deploy.0 = Debug|Any CPU
		{9920127F-0833-4942-B5B7-A00FF3E9FEED}.Release|Any CPU.ActiveCfg = Release|Any CPU
		{9920127F-0833-4942-B5B7-A00FF3E9FEED}.Release|Any CPU.Build.0 = Release|Any CPU
		{9920127F-0833-4942-B5B7-A00FF3E9FEED}.Release|Any CPU.Deploy.0 = Release|Any CPU
	EndGlobalSection
	GlobalSection(SolutionProperties) = preSolution
		HideSolutionNode = FALSE
	EndGlobalSection
	GlobalSection(ExtensibilityGlobals) = postSolution
		SolutionGuid = {8DAD79AE-F9C4-4834-95ED-A479E40ABC23}
	EndGlobalSection
EndGlobal
